
Microsoft Visual Studio Solution File, Format Version 12.00
# Visual Studio 15
VisualStudioVersion = 15.0.27130.2027
MinimumVisualStudioVersion = 10.0.40219.1
Project("{9A19103F-16F7-4668-BE54-9A1E7A4F7556}") = "Delegates", "Events\Delegates.csproj", "{7F242BF8-87D8-442C-8CAD-902FBA0A659D}"
EndProject
Project("{9A19103F-16F7-4668-BE54-9A1E7A4F7556}") = "Event", "Event\Event.csproj", "{8202205A-75EB-4EC2-B733-185B485B0473}"
EndProject
Project("{FAE04EC0-301F-11D3-BF4B-00C04F79EFBC}") = "Threading", "Threading\Threading.csproj", "{BC729192-DE87-4046-8C0E-662D04E3DFF6}"
EndProject
Global
	GlobalSection(SolutionConfigurationPlatforms) = preSolution
		Debug|Any CPU = Debug|Any CPU
		Release|Any CPU = Release|Any CPU
	EndGlobalSection
	GlobalSection(ProjectConfigurationPlatforms) = postSolution
		{7F242BF8-87D8-442C-8CAD-902FBA0A659D}.Debug|Any CPU.ActiveCfg = Debug|Any CPU
		{7F242BF8-87D8-442C-8CAD-902FBA0A659D}.Debug|Any CPU.Build.0 = Debug|Any CPU
		{7F242BF8-87D8-442C-8CAD-902FBA0A659D}.Release|Any CPU.ActiveCfg = Release|Any CPU
		{7F242BF8-87D8-442C-8CAD-902FBA0A659D}.Release|Any CPU.Build.0 = Release|Any CPU
		{8202205A-75EB-4EC2-B733-185B485B0473}.Debug|Any CPU.ActiveCfg = Debug|Any CPU
		{8202205A-75EB-4EC2-B733-185B485B0473}.Debug|Any CPU.Build.0 = Debug|Any CPU
		{8202205A-75EB-4EC2-B733-185B485B0473}.Release|Any CPU.ActiveCfg = Release|Any CPU
		{8202205A-75EB-4EC2-B733-185B485B0473}.Release|Any CPU.Build.0 = Release|Any CPU
		{BC729192-DE87-4046-8C0E-662D04E3DFF6}.Debug|Any CPU.ActiveCfg = Debug|Any CPU
		{BC729192-DE87-4046-8C0E-662D04E3DFF6}.Debug|Any CPU.Build.0 = Debug|Any CPU
		{BC729192-DE87-4046-8C0E-662D04E3DFF6}.Release|Any CPU.ActiveCfg = Release|Any CPU
		{BC729192-DE87-4046-8C0E-662D04E3DFF6}.Release|Any CPU.Build.0 = Release|Any CPU
	EndGlobalSection
	GlobalSection(SolutionProperties) = preSolution
		HideSolutionNode = FALSE
	EndGlobalSection
	GlobalSection(ExtensibilityGlobals) = postSolution
		SolutionGuid = {CEB551E2-7740-4D97-8B35-6879F1231E68}
	EndGlobalSection
EndGlobal
