
Microsoft Visual Studio Solution File, Format Version 12.00
# Visual Studio 15
VisualStudioVersion = 15.0.28307.168
MinimumVisualStudioVersion = 10.0.40219.1
Project("{FAE04EC0-301F-11D3-BF4B-00C04F79EFBC}") = "Threading", "Threading\Threading.csproj", "{D0B52AC9-5730-43DC-8ECF-25FFCFA1131B}"
EndProject
Global
	GlobalSection(SolutionConfigurationPlatforms) = preSolution
		Debug|Any CPU = Debug|Any CPU
		Release|Any CPU = Release|Any CPU
	EndGlobalSection
	GlobalSection(ProjectConfigurationPlatforms) = postSolution
		{D0B52AC9-5730-43DC-8ECF-25FFCFA1131B}.Debug|Any CPU.ActiveCfg = Debug|Any CPU
		{D0B52AC9-5730-43DC-8ECF-25FFCFA1131B}.Debug|Any CPU.Build.0 = Debug|Any CPU
		{D0B52AC9-5730-43DC-8ECF-25FFCFA1131B}.Release|Any CPU.ActiveCfg = Release|Any CPU
		{D0B52AC9-5730-43DC-8ECF-25FFCFA1131B}.Release|Any CPU.Build.0 = Release|Any CPU
	EndGlobalSection
	GlobalSection(SolutionProperties) = preSolution
		HideSolutionNode = FALSE
	EndGlobalSection
	GlobalSection(ExtensibilityGlobals) = postSolution
		SolutionGuid = {8DA6B4B4-8EA4-4D38-B97B-37A49CAC8544}
	EndGlobalSection
EndGlobal
